
Microsoft Visual Studio Solution File, Format Version 12.00
Project("{FAE04EC0-301F-11D3-BF4B-00C04F79EFBC}") = "NiDotNet", "NiDotNet\NiDotNet.csproj", "{6FE857EA-99B2-45A9-8F8A-E131D91645C5}"
EndProject
Global
	GlobalSection(SolutionConfigurationPlatforms) = preSolution
		Debug|Any CPU = Debug|Any CPU
		Release|Any CPU = Release|Any CPU
	EndGlobalSection
	GlobalSection(ProjectConfigurationPlatforms) = postSolution
		{6FE857EA-99B2-45A9-8F8A-E131D91645C5}.Debug|Any CPU.ActiveCfg = Debug|Any CPU
		{6FE857EA-99B2-45A9-8F8A-E131D91645C5}.Debug|Any CPU.Build.0 = Debug|Any CPU
		{6FE857EA-99B2-45A9-8F8A-E131D91645C5}.Release|Any CPU.ActiveCfg = Release|Any CPU
		{6FE857EA-99B2-45A9-8F8A-E131D91645C5}.Release|Any CPU.Build.0 = Release|Any CPU
	EndGlobalSection
EndGlobal
